<?xml version="1.0" encoding="utf-8"?>
<Project ToolsVersion="4.0" xmlns="http://schemas.microsoft.com/developer/msbuild/2003">
  <ItemGroup>
    <Filter Include="Source Files">
      <UniqueIdentifier>{4FC737F1-C7A5-4376-A066-2A32D752A2FF}</UniqueIdentifier>
      <Extensions>cpp;c;cc;cxx;def;odl;idl;hpj;bat;asm;asmx</Extensions>
    </Filter>
    <Filter Include="Header Files">
      <UniqueIdentifier>{93995380-89BD-4b04-88EB-625FBE52EBFB}</UniqueIdentifier>
      <Extensions>h;hh;hpp;hxx;hm;inl;inc;ipp;xsd</Extensions>
    </Filter>
    <Filter Include="Resource Files">
      <UniqueIdentifier>{67DA6AB6-F800-4c08-8B7A-83BB121AAD01}</UniqueIdentifier>
      <Extensions>rc;ico;cur;bmp;dlg;rc2;rct;bin;rgs;gif;jpg;jpeg;jpe;resx;tiff;tif;png;wav;mfcribbon-ms</Extensions>
    </Filter>
    <Filter Include="Source Files\Screens">
      <UniqueIdentifier>{12130d87-d3a2-489f-95e3-15227d9dc1ff}</UniqueIdentifier>
    </Filter>
  </ItemGroup>
  <ItemGroup>
    <ClCompile Include="src\ecs\component\PhysicsComponent.cpp">
      <Filter>Source Files</Filter>
    </ClCompile>
    <ClCompile Include="src\ecs\component\NavigationComponent.cpp">
      <Filter>Source Files</Filter>
    </ClCompile>
    <ClCompile Include="src\ecs\component\SimpleSpriteComponent.cpp">
      <Filter>Source Files</Filter>
    </ClCompile>
    <ClCompile Include="src\ecs\component\PlayerControlComponent.cpp">
      <Filter>Source Files</Filter>
    </ClCompile>
    <ClCompile Include="src\ecs\component\CombatComponent.cpp">
      <Filter>Source Files</Filter>
    </ClCompile>
    <ClCompile Include="src\ecs\component\CorpseComponent.cpp">
      <Filter>Source Files</Filter>
    </ClCompile>
    <ClCompile Include="src\ecs\component\SoldierAIComponent.cpp">
      <Filter>Source Files</Filter>
    </ClCompile>
    <ClCompile Include="src\item\WeaponItem.cpp">
      <Filter>Source Files</Filter>
    </ClCompile>
    <ClCompile Include="src\item\ArmorItem.cpp">
      <Filter>Source Files</Filter>
    </ClCompile>
    <ClCompile Include="src\item\ShieldItem.cpp">
      <Filter>Source Files</Filter>
    </ClCompile>
    <ClCompile Include="src\rendering\CharacterRenderer.cpp">
      <Filter>Source Files</Filter>
    </ClCompile>
    <ClCompile Include="src\rendering\CharacterModel.cpp">
      <Filter>Source Files</Filter>
    </ClCompile>
    <ClCompile Include="src\world\Chunk.cpp">
      <Filter>Source Files</Filter>
    </ClCompile>
    <ClCompile Include="src\rendering\TileContainerRenderer.cpp">
      <Filter>Source Files</Filter>
    </ClCompile>
    <ClCompile Include="src\rendering\ShaderLoader.cpp">
      <Filter>Source Files</Filter>
    </ClCompile>
    <ClCompile Include="src\rendering\GrassBillboardMesh.cpp">
      <Filter>Source Files</Filter>
    </ClCompile>
    <ClCompile Include="src\rendering\MaterialShaderDef.cpp">
      <Filter>Source Files</Filter>
    </ClCompile>
    <ClCompile Include="src\rendering\MaterialShaderRepository.cpp">
      <Filter>Source Files</Filter>
    </ClCompile>
    <ClCompile Include="src\rendering\MaterialRenderer.cpp">
      <Filter>Source Files</Filter>
    </ClCompile>
    <ClCompile Include="src\rendering\RenderContext.cpp">
      <Filter>Source Files</Filter>
    </ClCompile>
    <ClCompile Include="src\ecs\factory\EntityFactory.cpp">
      <Filter>Source Files</Filter>
    </ClCompile>
    <ClCompile Include="src\rendering\LightRenderer.cpp">
      <Filter>Source Files</Filter>
    </ClCompile>
    <ClCompile Include="src\ecs\component\DynamicLightComponent.cpp">
      <Filter>Source Files</Filter>
    </ClCompile>
    <ClCompile Include="src\rendering\LightData.cpp">
      <Filter>Source Files</Filter>
    </ClCompile>
    <ClCompile Include="src\services\Services.cpp">
      <Filter>Source Files</Filter>
    </ClCompile>
    <ClCompile Include="src\world\Region.cpp">
      <Filter>Source Files</Filter>
    </ClCompile>
    <ClCompile Include="src\generation\WorldGenerationData.cpp">
      <Filter>Source Files</Filter>
    </ClCompile>
    <ClCompile Include="src\city\City.cpp">
      <Filter>Source Files</Filter>
    </ClCompile>
    <ClCompile Include="src\city\CityPlanner.cpp">
      <Filter>Source Files</Filter>
    </ClCompile>
    <ClCompile Include="src\city\CityBuilder.cpp">
      <Filter>Source Files</Filter>
    </ClCompile>
    <ClCompile Include="src\ecs\component\ProfessionComponent.cpp">
      <Filter>Source Files</Filter>
    </ClCompile>
    <ClCompile Include="src\city\BuildingBlueprintGenerator.cpp">
      <Filter>Source Files</Filter>
    </ClCompile>
    <ClCompile Include="src\city\Building.cpp">
      <Filter>Source Files</Filter>
    </ClCompile>
    <ClCompile Include="src\city\BuildingGrammar.cpp">
      <Filter>Source Files</Filter>
    </ClCompile>
    <ClCompile Include="src\rendering\CityDebugRenderer.cpp">
      <Filter>Source Files</Filter>
    </ClCompile>
    <ClCompile Include="src\city\CityPlotter.cpp">
      <Filter>Source Files</Filter>
    </ClCompile>
    <ClCompile Include="src\pathfinding\PathFinder.cpp">
      <Filter>Source Files</Filter>
    </ClCompile>
    <ClCompile Include="src\rendering\EntityComponentSystemRenderer.cpp">
      <Filter>Source Files</Filter>
    </ClCompile>
    <ClCompile Include="src\ecs\IEntityComponentSystem.cpp">
      <Filter>Source Files</Filter>
    </ClCompile>
    <ClCompile Include="src\ecs\EntityDefinitionRepository.cpp">
      <Filter>Source Files</Filter>
    </ClCompile>
    <ClCompile Include="src\ecs\component\PersonAIComponent.cpp">
      <Filter>Source Files</Filter>
    </ClCompile>
    <ClCompile Include="src\city\CityResidentManager.cpp">
      <Filter>Source Files</Filter>
    </ClCompile>
    <ClCompile Include="src\item\ItemDef.cpp">
      <Filter>Source Files</Filter>
    </ClCompile>
    <ClCompile Include="src\item\ItemRepository.cpp">
      <Filter>Source Files</Filter>
    </ClCompile>
    <ClCompile Include="src\item\ItemTradeManager.cpp">
      <Filter>Source Files</Filter>
    </ClCompile>
    <ClCompile Include="src\ui\TileInteractPanel.cpp">
      <Filter>Source Files</Filter>
    </ClCompile>
    <ClCompile Include="src\util\IntersectionUtil.cpp">
      <Filter>Source Files</Filter>
    </ClCompile>
    <ClCompile Include="src\crafting\CraftingRepository.cpp">
      <Filter>Source Files</Filter>
    </ClCompile>
    <ClCompile Include="src\ecs\business\BusinessRepository.cpp">
      <Filter>Source Files</Filter>
    </ClCompile>
    <ClCompile Include="src\ecs\business\BusinessComponent.cpp">
      <Filter>Source Files</Filter>
    </ClCompile>
    <ClCompile Include="src\city\CityBusinessManager.cpp">
      <Filter>Source Files</Filter>
    </ClCompile>
    <ClCompile Include="src\ecs\component\EmployeeComponent.cpp">
      <Filter>Source Files</Filter>
    </ClCompile>
    <ClCompile Include="src\ai\tasks\GatherTask.cpp">
      <Filter>Source Files</Filter>
    </ClCompile>
    <ClCompile Include="src\ecs\component\TimedTileInteractComponent.cpp">
      <Filter>Source Files</Filter>
    </ClCompile>
    <ClCompile Include="src\ecs\component\InventoryComponent.cpp">
      <Filter>Source Files</Filter>
    </ClCompile>
    <ClCompile Include="src\city\CityQuartermaster.cpp">
      <Filter>Source Files</Filter>
    </ClCompile>
    <ClCompile Include="src\item\ItemStockpile.cpp">
      <Filter>Source Files</Filter>
    </ClCompile>
    <ClCompile Include="src\rendering\ItemRenderer.cpp">
      <Filter>Source Files</Filter>
    </ClCompile>
    <ClCompile Include="src\camera\Camera3D.cpp">
      <Filter>Source Files</Filter>
    </ClCompile>
    <ClCompile Include="src\rendering\Skybox.cpp">
      <Filter>Source Files</Filter>
    </ClCompile>
    <ClCompile Include="src\world\WorldObjectQuery.cpp">
      <Filter>Source Files</Filter>
    </ClCompile>
    <ClCompile Include="src\ecs\component\CharacterDetailsComponent.cpp">
      <Filter>Source Files</Filter>
    </ClCompile>
    <ClCompile Include="src\item\ItemStockpileRegistry.cpp">
      <Filter>Source Files</Filter>
    </ClCompile>
    <ClCompile Include="src\ai\tasks\BuildBlueprintTask.cpp">
      <Filter>Source Files</Filter>
    </ClCompile>
    <ClCompile Include="src\city\BuildingDescriptionRepository.cpp">
      <Filter>Source Files</Filter>
    </ClCompile>
    <ClCompile Include="src\city\BuildingBlueprint.cpp">
      <Filter>Source Files</Filter>
    </ClCompile>
    <ClCompile Include="src\util\BitArray.cpp">
      <Filter>Source Files</Filter>
    </ClCompile>
    <ClCompile Include="src\rendering\CloudRenderer.cpp">
      <Filter>Source Files</Filter>
    </ClCompile>
    <ClCompile Include="src\weather\CloudMeshManager.cpp">
      <Filter>Source Files</Filter>
    </ClCompile>
    <ClCompile Include="src\options\DebugOptions.cpp">
      <Filter>Source Files</Filter>
    </ClCompile>
    <ClCompile Include="src\rendering\post_process\DepthOfFieldPostProcess.cpp">
      <Filter>Source Files</Filter>
    </ClCompile>
    <ClCompile Include="src\rendering\post_process\ShadowRenderer.cpp">
      <Filter>Source Files</Filter>
    </ClCompile>
    <ClCompile Include="src\rendering\RenderStats.cpp">
      <Filter>Source Files</Filter>
    </ClCompile>
    <ClCompile Include="src\rendering\post_process\AmbientOcclusionPostProcess.cpp">
      <Filter>Source Files</Filter>
    </ClCompile>
    <ClCompile Include="src\rendering\ChunkGrassQuadtree.cpp">
      <Filter>Source Files</Filter>
    </ClCompile>
    <ClCompile Include="src\world\HeightmapTerrainQuadtree.cpp">
      <Filter>Source Files</Filter>
    </ClCompile>
    <ClCompile Include="src\data_structure\FlatQuadtree.cpp">
      <Filter>Source Files</Filter>
    </ClCompile>
    <ClCompile Include="src\editor\WorldEditorPanel.cpp">
      <Filter>Source Files</Filter>
    </ClCompile>
    <ClCompile Include="src\ui\UIContext.cpp">
      <Filter>Source Files</Filter>
    </ClCompile>
    <ClCompile Include="src\ui\DebugTweakerPanel.cpp">
      <Filter>Source Files</Filter>
    </ClCompile>
    <ClCompile Include="src\editor\BrushRepository.cpp">
      <Filter>Source Files</Filter>
    </ClCompile>
    <ClCompile Include="src\pathfinding\NavThread.cpp">
      <Filter>Source Files</Filter>
    </ClCompile>
    <ClCompile Include="src\ui\TileInspectionPanel.cpp">
      <Filter>Source Files</Filter>
    </ClCompile>
    <ClCompile Include="src\city\business_jobs\ConstructBuildingJob.cpp">
      <Filter>Source Files</Filter>
    </ClCompile>
    <ClCompile Include="src\city\CityPlot.cpp">
      <Filter>Source Files</Filter>
    </ClCompile>
    <ClCompile Include="src\item\ItemReservation.cpp">
      <Filter>Source Files</Filter>
    </ClCompile>
    <ClCompile Include="src\definitions\BusinessDef.cpp">
      <Filter>Source Files</Filter>
    </ClCompile>
    <ClCompile Include="src\definitions\BuildingDef.cpp">
      <Filter>Source Files</Filter>
    </ClCompile>
    <ClCompile Include="src\pathfinding\NavPath.cpp">
      <Filter>Source Files</Filter>
    </ClCompile>
    <ClCompile Include="src\resources\ModelRepository.cpp">
      <Filter>Source Files</Filter>
    </ClCompile>
    <ClCompile Include="src\definitions\ModelDef.cpp">
      <Filter>Source Files</Filter>
    </ClCompile>
    <ClCompile Include="src\resources\RigRepository.cpp">
      <Filter>Source Files</Filter>
    </ClCompile>
    <ClCompile Include="src\definitions\RigDef.cpp">
      <Filter>Source Files</Filter>
    </ClCompile>
    <ClCompile Include="src\resources\AnimMachineRepository.cpp">
      <Filter>Source Files</Filter>
    </ClCompile>
    <ClCompile Include="src\definitions\AnimMachineDef.cpp">
      <Filter>Source Files</Filter>
    </ClCompile>
    <ClCompile Include="src\ecs\component\CharacterControlComponent.cpp">
      <Filter>Source Files</Filter>
    </ClCompile>
    <ClCompile Include="src\resources\SkillRepository.cpp">
      <Filter>Source Files</Filter>
    </ClCompile>
    <ClCompile Include="src\definitions\SkillDef.cpp">
      <Filter>Source Files</Filter>
    </ClCompile>
    <ClCompile Include="src\resources\AnimationRepository.cpp">
      <Filter>Source Files</Filter>
    </ClCompile>
    <ClCompile Include="src\ecs\component\SkillsComponent.cpp">
      <Filter>Source Files</Filter>
    </ClCompile>
    <ClCompile Include="src\camera\CameraController.cpp">
      <Filter>Source Files</Filter>
    </ClCompile>
    <ClCompile Include="src\ecs\component\AttributesComponent.cpp">
      <Filter>Source Files</Filter>
    </ClCompile>
    <ClCompile Include="src\ecs\component\StatsComponent.cpp">
      <Filter>Source Files</Filter>
    </ClCompile>
    <ClCompile Include="src\rendering\TerrainRenderer.cpp">
      <Filter>Source Files</Filter>
    </ClCompile>
    <ClCompile Include="src\rendering\MaterialUtils.cpp">
      <Filter>Source Files</Filter>
    </ClCompile>
    <ClCompile Include="src\options\LightingOptions.cpp">
      <Filter>Source Files</Filter>
    </ClCompile>
    <ClCompile Include="src\rendering\mesh\Mesh.cpp">
      <Filter>Source Files</Filter>
    </ClCompile>
    <ClCompile Include="src\resources\TextureRepository.cpp">
      <Filter>Source Files</Filter>
    </ClCompile>
    <ClCompile Include="src\rendering\GLExtensions.cpp">
      <Filter>Source Files</Filter>
    </ClCompile>
    <ClCompile Include="src\rendering\texture\MaterialTextureGenerator.cpp">
      <Filter>Source Files</Filter>
    </ClCompile>
    <ClCompile Include="src\structure\Structure.cpp">
      <Filter>Source Files</Filter>
    </ClCompile>
    <ClCompile Include="src\tile\TileContainer.cpp">
      <Filter>Source Files</Filter>
    </ClCompile>
    <ClCompile Include="src\tile\Tile.cpp">
      <Filter>Source Files</Filter>
    </ClCompile>
    <ClCompile Include="src\tile\TileHandle.cpp">
      <Filter>Source Files</Filter>
    </ClCompile>
    <ClCompile Include="src\resources\TileRepository.cpp">
      <Filter>Source Files</Filter>
    </ClCompile>
    <ClCompile Include="src\tile\TileUtil.cpp">
      <Filter>Source Files</Filter>
    </ClCompile>
    <ClCompile Include="src\debugging\VisualLogger.cpp">
      <Filter>Source Files</Filter>
    </ClCompile>
    <ClCompile Include="src\debugging\DebugMesh.cpp">
      <Filter>Source Files</Filter>
    </ClCompile>
    <ClCompile Include="src\debugging\ValueTweaker.cpp">
      <Filter>Source Files</Filter>
    </ClCompile>
    <ClCompile Include="src\structure\StructureManager.cpp">
      <Filter>Source Files</Filter>
    </ClCompile>
    <ClCompile Include="src\util\GridEdgeFinder.cpp">
      <Filter>Source Files</Filter>
    </ClCompile>
    <ClCompile Include="src\resources\FontRepository.cpp">
      <Filter>Source Files</Filter>
    </ClCompile>
    <ClCompile Include="src\physics\PhysicsWorld.cpp">
      <Filter>Source Files</Filter>
    </ClCompile>
    <ClCompile Include="src\debugging\PhysicsDebugDrawer.cpp">
      <Filter>Source Files</Filter>
    </ClCompile>
    <ClCompile Include="src\physics\DynamicCharacterController.cpp">
      <Filter>Source Files</Filter>
    </ClCompile>
    <ClCompile Include="src\physics\CollisionShapes.cpp">
      <Filter>Source Files</Filter>
    </ClCompile>
    <ClCompile Include="src\physics\StaticPhysicsMeshBuilder.cpp">
      <Filter>Source Files</Filter>
    </ClCompile>
    <ClCompile Include="src\pathfinding\NavWorld.cpp">
      <Filter>Source Files</Filter>
    </ClCompile>
    <ClCompile Include="src\App.cpp">
      <Filter>Source Files</Filter>
    </ClCompile>
    <ClCompile Include="src\debugging\DebugRenderer.cpp">
      <Filter>Source Files</Filter>
    </ClCompile>
    <ClCompile Include="src\main.cpp">
      <Filter>Source Files</Filter>
    </ClCompile>
    <ClCompile Include="src\screens\GameplayScreen.cpp">
      <Filter>Source Files</Filter>
    </ClCompile>
    <ClCompile Include="src\math\Noise.cpp">
      <Filter>Source Files</Filter>
    </ClCompile>
    <ClCompile Include="src\math\Random.cpp">
      <Filter>Source Files</Filter>
    </ClCompile>
    <ClCompile Include="src\resources\ResourceManager.cpp">
      <Filter>Source Files</Filter>
    </ClCompile>
    <ClCompile Include="src\screens\MainMenuScreen.cpp">
      <Filter>Source Files</Filter>
    </ClCompile>
    <ClCompile Include="src\network\Cli\GameClient.cpp">
      <Filter>Source Files</Filter>
    </ClCompile>
    <ClCompile Include="src\network\srv\GameServer.cpp">
      <Filter>Source Files</Filter>
    </ClCompile>
    <ClCompile Include="src\network\srv\SrvAdapter.cpp">
      <Filter>Source Files</Filter>
    </ClCompile>
    <ClCompile Include="src\network\cli\CliAdapter.cpp">
      <Filter>Source Files</Filter>
    </ClCompile>
    <ClCompile Include="src\logging\ErrorLogging.cpp">
      <Filter>Source Files</Filter>
    </ClCompile>
    <ClCompile Include="src\util\ThreadIDs.cpp">
      <Filter>Source Files</Filter>
    </ClCompile>
    <ClCompile Include="src\tile\TileHarvestable.cpp">
      <Filter>Source Files</Filter>
    </ClCompile>
    <ClCompile Include="src\network\NetworkUtil.cpp">
      <Filter>Source Files</Filter>
    </ClCompile>
    <ClCompile Include="src\world\IChunkGrid.cpp">
      <Filter>Source Files</Filter>
    </ClCompile>
    <ClCompile Include="src\world\IHeightmapGrid.cpp">
      <Filter>Source Files</Filter>
    </ClCompile>
    <ClCompile Include="src\rendering\mesh\TerrainMeshManager.cpp">
      <Filter>Source Files</Filter>
    </ClCompile>
    <ClCompile Include="src\world\World.cpp">
      <Filter>Source Files</Filter>
    </ClCompile>
    <ClCompile Include="src\world\srv\SrvChunkGrid.cpp">
      <Filter>Source Files</Filter>
    </ClCompile>
    <ClCompile Include="src\world\cli\CliChunkGrid.cpp">
      <Filter>Source Files</Filter>
    </ClCompile>
    <ClCompile Include="src\world\cli\CliHeightmapGrid.cpp">
      <Filter>Source Files</Filter>
    </ClCompile>
    <ClCompile Include="src\world\srv\SrvHeightmapGrid.cpp">
      <Filter>Source Files</Filter>
    </ClCompile>
    <ClCompile Include="src\screens\ScreenState.cpp">
      <Filter>Source Files</Filter>
    </ClCompile>
    <ClCompile Include="src\rendering\LoadScreenRenderer.cpp">
      <Filter>Source Files</Filter>
    </ClCompile>
    <ClCompile Include="src\ui\PauseMenuPanel.cpp">
      <Filter>Source Files</Filter>
    </ClCompile>
    <ClCompile Include="src\ecs\cli\CliEntityComponentSystem.cpp">
      <Filter>Source Files</Filter>
    </ClCompile>
    <ClCompile Include="src\ecs\srv\SrvEntityComponentSystem.cpp">
      <Filter>Source Files</Filter>
    </ClCompile>
    <ClCompile Include="src\util\StrToken.cpp">
      <Filter>Source Files</Filter>
    </ClCompile>
    <ClCompile Include="src\network\srv\SrvMessage.cpp">
      <Filter>Source Files</Filter>
    </ClCompile>
    <ClCompile Include="src\network\cli\CliMessage.cpp">
      <Filter>Source Files</Filter>
    </ClCompile>
    <ClCompile Include="src\time\GameTimeManager.cpp">
      <Filter>Source Files</Filter>
    </ClCompile>
    <ClCompile Include="src\rendering\RenderThreadTasks.cpp">
      <Filter>Source Files</Filter>
    </ClCompile>
    <ClCompile Include="src\gamethread\GameThreadTasks.cpp">
      <Filter>Source Files</Filter>
    </ClCompile>
    <ClCompile Include="src\gamethread\GameThread.cpp">
      <Filter>Source Files</Filter>
    </ClCompile>
    <ClCompile Include="src\rendering\renderstate\GameRenderStateManager.cpp">
      <Filter>Source Files</Filter>
    </ClCompile>
    <ClCompile Include="src\instrumentation\instrumentor.cpp">
      <Filter>Source Files</Filter>
    </ClCompile>
    <ClCompile Include="src\rendering\renderer\GrassRenderer.cpp">
      <Filter>Source Files</Filter>
    </ClCompile>
    <ClCompile Include="src\rendering\mesh\GrassMeshManager.cpp">
      <Filter>Source Files</Filter>
    </ClCompile>
    <ClCompile Include="src\physics\StaticPhysicsMesh.cpp">
      <Filter>Source Files</Filter>
    </ClCompile>
    <ClCompile Include="src\rendering\mesh\Vertex.cpp">
      <Filter>Source Files</Filter>
    </ClCompile>
    <ClCompile Include="src\rendering\model\InstancedStaticModelRenderer.cpp">
      <Filter>Source Files</Filter>
    </ClCompile>
    <ClCompile Include="src\rendering\model\InstancedStaticModelGatherer.cpp">
      <Filter>Source Files</Filter>
    </ClCompile>
    <ClCompile Include="src\rendering\post_process\ShadowLodDetail.cpp">
      <Filter>Source Files</Filter>
    </ClCompile>
    <ClCompile Include="src\ui\editor\EditorRoot.cpp">
      <Filter>Source Files</Filter>
    </ClCompile>
    <ClCompile Include="src\ui\editor\TileEditorPanel.cpp">
      <Filter>Source Files</Filter>
    </ClCompile>
    <ClCompile Include="src\ui\editor\ModelEditorViewportPanel.cpp">
      <Filter>Source Files</Filter>
    </ClCompile>
    <ClCompile Include="src\camera\SimpleCamera.cpp">
      <Filter>Source Files</Filter>
    </ClCompile>
    <ClCompile Include="src\rendering\gl\GLObjects.cpp">
      <Filter>Source Files</Filter>
    </ClCompile>
    <ClCompile Include="src\resources\MaterialRepository.cpp">
      <Filter>Source Files</Filter>
    </ClCompile>
    <ClCompile Include="src\rendering\texture\GLTexture.cpp">
      <Filter>Source Files</Filter>
    </ClCompile>
    <ClCompile Include="src\rendering\gl\GLAPITrace.cpp">
      <Filter>Source Files</Filter>
    </ClCompile>
    <ClCompile Include="src\rendering\gl\GL.cpp">
      <Filter>Source Files</Filter>
    </ClCompile>
    <ClCompile Include="src\physics\CollisionShapeRepository.cpp">
      <Filter>Source Files</Filter>
    </ClCompile>
    <ClCompile Include="src\util\b3ChromeTraceUtil.cpp">
      <Filter>Source Files</Filter>
    </ClCompile>
    <ClCompile Include="src\resources\ResourceOperations.cpp">
      <Filter>Source Files</Filter>
    </ClCompile>
    <ClCompile Include="src\rendering\mesh\MeshOperations.cpp">
      <Filter>Source Files</Filter>
    </ClCompile>
    <ClCompile Include="src\rendering\mesh\FBXRawMesh.cpp">
      <Filter>Source Files</Filter>
    </ClCompile>
    <ClCompile Include="src\ui\editor\MaterialEditorViewportPanel.cpp">
      <Filter>Source Files</Filter>
    </ClCompile>
    <ClCompile Include="src\ui\editor\IEditorViewportPanel.cpp">
      <Filter>Source Files</Filter>
    </ClCompile>
    <ClCompile Include="src\rendering\mesh\PrimitiveShapeMeshes.cpp">
      <Filter>Source Files</Filter>
    </ClCompile>
    <ClCompile Include="src\rendering\model\MaterialRenderPassType.cpp">
      <Filter>Source Files</Filter>
    </ClCompile>
    <ClCompile Include="src\rendering\post_process\SmudgeRenderer.cpp">
      <Filter>Source Files</Filter>
    </ClCompile>
    <ClCompile Include="src\rendering\post_process\TonemapRenderer.cpp">
      <Filter>Source Files</Filter>
    </ClCompile>
    <ClCompile Include="src\rendering\material\BrdfLUT.cpp">
      <Filter>Source Files</Filter>
    </ClCompile>
    <ClCompile Include="src\rendering\mesh\mesher\ChunkMesher.cpp">
      <Filter>Source Files</Filter>
    </ClCompile>
    <ClCompile Include="src\rendering\mesh\mesher\BuildingMesher.cpp">
      <Filter>Source Files</Filter>
    </ClCompile>
    <ClCompile Include="src\rendering\mesh\mesher\ITileContainerMesher.cpp">
      <Filter>Source Files</Filter>
    </ClCompile>
    <ClCompile Include="src\rendering\mesh\mesher\builder\BillboardMeshBuilder.cpp">
      <Filter>Source Files</Filter>
    </ClCompile>
    <ClCompile Include="src\rendering\mesh\mesher\builder\ModelMeshBuilder.cpp">
      <Filter>Source Files</Filter>
    </ClCompile>
    <ClCompile Include="src\rendering\mesh\mesher\builder\ProceduralMeshBuilder.cpp">
      <Filter>Source Files</Filter>
    </ClCompile>
    <ClCompile Include="src\rendering\mesh\mesher\builder\TextMeshBuilder.cpp">
      <Filter>Source Files</Filter>
    </ClCompile>
    <ClCompile Include="src\rendering\mesh\mesher\builder\TileMeshBuilderMethods.cpp">
      <Filter>Source Files</Filter>
    </ClCompile>
    <ClCompile Include="src\rendering\mesh\mesher\builder\MeshBuilderCommon.cpp">
      <Filter>Source Files</Filter>
    </ClCompile>
    <ClCompile Include="src\rendering\mesh\mesher\builder\ContainerMeshBuilders.cpp">
      <Filter>Source Files</Filter>
    </ClCompile>
    <ClCompile Include="src\rendering\mesh\mesher\builder\TerrainMeshBuilder.cpp">
      <Filter>Source Files</Filter>
    </ClCompile>
    <ClCompile Include="src\ai\tasks\PathToTargetTask.cpp">
      <Filter>Source Files</Filter>
    </ClCompile>
    <ClCompile Include="src\tile\TileContainerHarvestableRegistry.cpp">
      <Filter>Source Files</Filter>
    </ClCompile>
    <ClCompile Include="src\city\contracts\ContractManager.cpp">
      <Filter>Source Files</Filter>
    </ClCompile>
    <ClCompile Include="src\city\contracts\IContract.cpp">
      <Filter>Source Files</Filter>
    </ClCompile>
    <ClCompile Include="src\util\Timing\ThreadUtilizationTimer.cpp">
      <Filter>Source Files</Filter>
    </ClCompile>
    <ClCompile Include="src\rendering\mesh\mesher\builder\ProceduralMeshHelpers.cpp">
      <Filter>Source Files</Filter>
    </ClCompile>
    <ClCompile Include="src\tile\TileSpatialGrid.cpp">
      <Filter>Source Files</Filter>
    </ClCompile>
    <ClCompile Include="src\tile\TileWallContainer.cpp">
      <Filter>Source Files</Filter>
    </ClCompile>
    <ClCompile Include="src\resources\TileGrassRepository.cpp">
      <Filter>Source Files</Filter>
    </ClCompile>
    <ClCompile Include="src\rendering\mesh\mesher\builder\GrassMeshBuilderMethods.cpp">
      <Filter>Source Files</Filter>
    </ClCompile>
    <ClCompile Include="src\ui\editor\BiomeEditorViewportPanel.cpp">
      <Filter>Source Files</Filter>
    </ClCompile>
    <ClCompile Include="src\rendering\renderer\WorldRenderer.cpp">
      <Filter>Source Files</Filter>
    </ClCompile>
    <ClCompile Include="src\time\TimeOfDayManager.cpp">
      <Filter>Source Files</Filter>
    </ClCompile>
    <ClCompile Include="src\stdafx.cpp">
      <Filter>Source Files</Filter>
    </ClCompile>
    <ClCompile Include="src\tile\TileContainerRepository.cpp">
      <Filter>Source Files</Filter>
    </ClCompile>
    <ClCompile Include="src\rendering\renderdata\WorldRenderDataManager.cpp">
      <Filter>Source Files</Filter>
    </ClCompile>
    <ClCompile Include="src\rendering\TileContainerMeshData.cpp">
      <Filter>Source Files</Filter>
    </ClCompile>
    <ClCompile Include="src\rendering\mesh\TileContainerMeshManager.cpp">
      <Filter>Source Files</Filter>
    </ClCompile>
    <ClCompile Include="src\rendering\model\InstancedStaticModelManager.cpp">
      <Filter>Source Files</Filter>
    </ClCompile>
    <ClCompile Include="src\rendering\model\StaticMeshInstanceData.cpp">
      <Filter>Source Files</Filter>
    </ClCompile>
    <ClCompile Include="src\generation\IWorldGenerator.cpp">
      <Filter>Source Files</Filter>
    </ClCompile>
    <ClCompile Include="src\util\SpatialGrid2D.cpp">
      <Filter>Source Files</Filter>
    </ClCompile>
    <ClCompile Include="src\ecs\component\CameraAttachComponent.cpp">
      <Filter>Source Files</Filter>
    </ClCompile>
    <ClCompile Include="src\world\controller\EditorWorldInterfaceController.cpp">
      <Filter>Source Files</Filter>
    </ClCompile>
    <ClCompile Include="src\world\controller\IWorldInterfaceController.cpp">
      <Filter>Source Files</Filter>
    </ClCompile>
    <ClCompile Include="src\generation\FlatWorldGenerator.cpp">
      <Filter>Source Files</Filter>
    </ClCompile>
    <ClCompile Include="src\generation\WorldGeneratorFactory.cpp">
      <Filter>Source Files</Filter>
    </ClCompile>
    <ClCompile Include="src\ui\editor\FoliageEditorViewportPanel.cpp">
      <Filter>Source Files</Filter>
    </ClCompile>
    <ClCompile Include="src\rendering\UboHelpers.cpp">
      <Filter>Source Files</Filter>
    </ClCompile>
    <ClCompile Include="src\filesystem\FileSystem.cpp">
      <Filter>Source Files</Filter>
    </ClCompile>
    <ClCompile Include="src\io\PngLoader.cpp">
      <Filter>Source Files</Filter>
    </ClCompile>
    <ClCompile Include="src\rendering\texture\TextureConvert.cpp">
      <Filter>Source Files</Filter>
    </ClCompile>
    <ClCompile Include="src\extern\bc7enc\bc7decomp.cpp">
      <Filter>Source Files</Filter>
    </ClCompile>
    <ClCompile Include="src\extern\bc7enc\bc7enc.cpp">
      <Filter>Source Files</Filter>
    </ClCompile>
    <ClCompile Include="src\rendering\mesh\MeshDrawer.cpp">
      <Filter>Source Files</Filter>
    </ClCompile>
    <ClCompile Include="src\ui\editor\FishingEditorViewportPanel.cpp">
      <Filter>Source Files</Filter>
    </ClCompile>
    <ClCompile Include="src\ui\minigame\FishingMinigame.cpp">
      <Filter>Source Files</Filter>
    </ClCompile>
    <ClCompile Include="src\world\ecosystem\FishEcosystem.cpp">
      <Filter>Source Files</Filter>
    </ClCompile>
    <ClCompile Include="src\rendering\fish\FishRenderer.cpp">
      <Filter>Source Files</Filter>
    </ClCompile>
    <ClCompile Include="src\resources\FishRepository.cpp">
      <Filter>Source Files</Filter>
    </ClCompile>
    <ClCompile Include="src\rendering\renderstate\RenderStateManager.cpp">
      <Filter>Source Files</Filter>
    </ClCompile>
    <ClCompile Include="src\rendering\renderer\OverlayRenderer.cpp">
      <Filter>Source Files</Filter>
    </ClCompile>
    <ClCompile Include="src\ecs\component\FishingComponent.cpp">
      <Filter>Source Files</Filter>
    </ClCompile>
    <ClCompile Include="src\rendering\particle\CPUParticleSystem.cpp">
      <Filter>Source Files</Filter>
    </ClCompile>
    <ClCompile Include="src\rendering\gl\GpuStreamingDataBuffer.cpp">
      <Filter>Source Files</Filter>
    </ClCompile>
    <ClCompile Include="src\rendering\particle\CpuParticleEmitter.cpp">
      <Filter>Source Files</Filter>
    </ClCompile>
    <ClCompile Include="src\ui\minigame\LocalMinigameContext.cpp">
      <Filter>Source Files</Filter>
    </ClCompile>
    <ClCompile Include="src\combat\CombatContext.cpp">
      <Filter>Source Files</Filter>
    </ClCompile>
    <ClCompile Include="src\combat\Attack.cpp">
      <Filter>Source Files</Filter>
    </ClCompile>
    <ClCompile Include="src\rendering\particle\CPUParticleEmitterModule.cpp">
      <Filter>Source Files</Filter>
    </ClCompile>
    <ClCompile Include="src\util\ArbitraryObjectArray.cpp">
      <Filter>Source Files</Filter>
    </ClCompile>
    <ClCompile Include="src\rendering\particle\BuiltinCPUParticleEmitterModules.cpp">
      <Filter>Source Files</Filter>
    </ClCompile>
    <ClCompile Include="src\rendering\particle\CPUParticleEmitterOperation.cpp">
      <Filter>Source Files</Filter>
    </ClCompile>
    <ClCompile Include="src\ui\editor\ParticleSystemEditorViewportPanel.cpp">
      <Filter>Source Files</Filter>
    </ClCompile>
    <ClCompile Include="src\resources\ParticleSystemRepository.cpp">
      <Filter>Source Files</Filter>
    </ClCompile>
    <ClCompile Include="src\resources\IAssetRepository.cpp">
      <Filter>Source Files</Filter>
    </ClCompile>
    <ClCompile Include="src\util\RandomPointFromShape.cpp">
      <Filter>Source Files</Filter>
    </ClCompile>
    <ClCompile Include="src\resources\AssetLoader.cpp">
      <Filter>Source Files</Filter>
    </ClCompile>
    <ClCompile Include="src\definitions\rendering\CubemapDef.cpp">
      <Filter>Source Files</Filter>
    </ClCompile>
    <ClCompile Include="src\resources\CubemapRepository.cpp">
      <Filter>Source Files</Filter>
    </ClCompile>
    <ClCompile Include="src\resources\IAsset.cpp">
      <Filter>Source Files</Filter>
    </ClCompile>
    <ClCompile Include="src\extern\ImGuiFileDialog\ImGuiFileDialog.cpp">
      <Filter>Source Files</Filter>
    </ClCompile>
    <ClCompile Include="src\ui\editor\ImguiAssetThumbnails.cpp">
      <Filter>Source Files</Filter>
    </ClCompile>
    <ClCompile Include="src\effect\cli\CliEffectContext.cpp">
      <Filter>Source Files</Filter>
    </ClCompile>
    <ClCompile Include="src\effect\host\HostEffectContext.cpp">
      <Filter>Source Files</Filter>
    </ClCompile>
    <ClCompile Include="src\effect\IEffectContext.cpp">
      <Filter>Source Files</Filter>
    </ClCompile>
    <ClCompile Include="src\world\WorldContextObject.cpp">
      <Filter>Source Files</Filter>
    </ClCompile>
    <ClCompile Include="src\resources\EffectRepository.cpp">
      <Filter>Source Files</Filter>
    </ClCompile>
    <ClCompile Include="src\definitions\EffectDef.cpp">
      <Filter>Source Files</Filter>
    </ClCompile>
    <ClCompile Include="src\ui\editor\ContentBrowserPanel.cpp">
      <Filter>Source Files</Filter>
    </ClCompile>
    <ClCompile Include="src\ui\editor\ContentBrowser\ContentBrowserItem.cpp">
      <Filter>Source Files</Filter>
    </ClCompile>
    <ClCompile Include="src\ui\editor\Selection\EditorSelectionManager.cpp">
      <Filter>Source Files</Filter>
    </ClCompile>
    <ClCompile Include="src\util\UniqueId64.cpp">
      <Filter>Source Files</Filter>
    </ClCompile>
    <ClCompile Include="src\util\StringUtils.cpp">
      <Filter>Source Files</Filter>
    </ClCompile>
    <ClCompile Include="src\editor\EditorResources.cpp">
      <Filter>Source Files</Filter>
    </ClCompile>
    <ClCompile Include="src\ui\ImguiUtil.cpp">
      <Filter>Source Files</Filter>
    </ClCompile>
    <ClCompile Include="src\ui\editor\AssetEditorViewportPanel.cpp">
      <Filter>Source Files</Filter>
    </ClCompile>
    <ClCompile Include="src\ui\editor\ItemEditorViewportPanel.cpp">
      <Filter>Source Files</Filter>
    </ClCompile>
  </ItemGroup>
  <ItemGroup>
    <ClInclude Include="src\ecs\component\SimpleSpriteComponent.h">
      <Filter>Header Files</Filter>
    </ClInclude>
    <ClInclude Include="src\ecs\component\PhysicsComponent.h">
      <Filter>Header Files</Filter>
    </ClInclude>
    <ClInclude Include="src\actor\ActorTypes.h">
      <Filter>Header Files</Filter>
    </ClInclude>
    <ClInclude Include="src\ecs\component\NavigationComponent.h">
      <Filter>Header Files</Filter>
    </ClInclude>
    <ClInclude Include="src\ecs\component\UndeadAIComponent.h">
      <Filter>Header Files</Filter>
    </ClInclude>
    <ClInclude Include="src\ecs\component\PlayerControlComponent.h">
      <Filter>Header Files</Filter>
    </ClInclude>
    <ClInclude Include="src\ecs\component\CombatComponent.h">
      <Filter>Header Files</Filter>
    </ClInclude>
    <ClInclude Include="src\item\ArmorItem.h">
      <Filter>Header Files</Filter>
    </ClInclude>
    <ClInclude Include="src\item\ItemMaterial.h">
      <Filter>Header Files</Filter>
    </ClInclude>
    <ClInclude Include="src\item\WeaponItem.h">
      <Filter>Header Files</Filter>
    </ClInclude>
    <ClInclude Include="src\item\ShieldItem.h">
      <Filter>Header Files</Filter>
    </ClInclude>
    <ClInclude Include="src\ecs\component\CorpseComponent.h">
      <Filter>Header Files</Filter>
    </ClInclude>
    <ClInclude Include="src\ecs\component\SoldierAIComponent.h">
      <Filter>Header Files</Filter>
    </ClInclude>
    <ClInclude Include="src\rendering\CharacterRenderer.h">
      <Filter>Header Files</Filter>
    </ClInclude>
    <ClInclude Include="src\rendering\CharacterModel.h">
      <Filter>Header Files</Filter>
    </ClInclude>
    <ClInclude Include="src\rendering\TileContainerRenderer.h">
      <Filter>Header Files</Filter>
    </ClInclude>
    <ClInclude Include="src\rendering\ShaderLoader.h">
      <Filter>Header Files</Filter>
    </ClInclude>
    <ClInclude Include="src\rendering\GrassBillboardMesh.h">
      <Filter>Header Files</Filter>
    </ClInclude>
    <ClInclude Include="src\rendering\MaterialShaderDef.h">
      <Filter>Header Files</Filter>
    </ClInclude>
    <ClInclude Include="src\rendering\MaterialShaderRepository.h">
      <Filter>Header Files</Filter>
    </ClInclude>
    <ClInclude Include="src\rendering\MaterialRenderer.h">
      <Filter>Header Files</Filter>
    </ClInclude>
    <ClInclude Include="src\rendering\RenderContext.h">
      <Filter>Header Files</Filter>
    </ClInclude>
    <ClInclude Include="src\ecs\factory\EntityFactory.h">
      <Filter>Header Files</Filter>
    </ClInclude>
    <ClInclude Include="src\ecs\factory\EntityType.h">
      <Filter>Header Files</Filter>
    </ClInclude>
    <ClInclude Include="src\rendering\TileVertex.h">
      <Filter>Header Files</Filter>
    </ClInclude>
    <ClInclude Include="src\rendering\LightRenderer.h">
      <Filter>Header Files</Filter>
    </ClInclude>
    <ClInclude Include="src\ecs\component\DynamicLightComponent.h">
      <Filter>Header Files</Filter>
    </ClInclude>
    <ClInclude Include="src\rendering\LightData.h">
      <Filter>Header Files</Filter>
    </ClInclude>
    <ClInclude Include="src\services\Services.h">
      <Filter>Header Files</Filter>
    </ClInclude>
    <ClInclude Include="src\world\Region.h">
      <Filter>Header Files</Filter>
    </ClInclude>
    <ClInclude Include="src\world\WorldData.h">
      <Filter>Header Files</Filter>
    </ClInclude>
    <ClInclude Include="src\generation\NoiseFunction.hpp">
      <Filter>Header Files</Filter>
    </ClInclude>
    <ClInclude Include="src\generation\WorldGenerationData.h">
      <Filter>Header Files</Filter>
    </ClInclude>
    <ClInclude Include="src\editor\ImguiViews.hpp">
      <Filter>Header Files</Filter>
    </ClInclude>
    <ClInclude Include="src\FeatureConst.h">
      <Filter>Header Files</Filter>
    </ClInclude>
    <ClInclude Include="src\city\City.h">
      <Filter>Header Files</Filter>
    </ClInclude>
    <ClInclude Include="src\city\CityPlanner.h">
      <Filter>Header Files</Filter>
    </ClInclude>
    <ClInclude Include="src\city\CityBuilder.h">
      <Filter>Header Files</Filter>
    </ClInclude>
    <ClInclude Include="src\city\Building.h">
      <Filter>Header Files</Filter>
    </ClInclude>
    <ClInclude Include="src\ecs\component\ProfessionComponent.h">
      <Filter>Header Files</Filter>
    </ClInclude>
    <ClInclude Include="src\city\BuildingBlueprintGenerator.h">
      <Filter>Header Files</Filter>
    </ClInclude>
    <ClInclude Include="src\city\BuildingGrammar.h">
      <Filter>Header Files</Filter>
    </ClInclude>
    <ClInclude Include="src\city\RoomNode.h">
      <Filter>Header Files</Filter>
    </ClInclude>
    <ClInclude Include="src\city\CityConst.h">
      <Filter>Header Files</Filter>
    </ClInclude>
    <ClInclude Include="src\rendering\CityDebugRenderer.h">
      <Filter>Header Files</Filter>
    </ClInclude>
    <ClInclude Include="src\city\CityPlotter.h">
      <Filter>Header Files</Filter>
    </ClInclude>
    <ClInclude Include="src\city\CityPlot.h">
      <Filter>Header Files</Filter>
    </ClInclude>
    <ClInclude Include="src\city\CityDistrict.h">
      <Filter>Header Files</Filter>
    </ClInclude>
    <ClInclude Include="src\pathfinding\PathFinder.h">
      <Filter>Header Files</Filter>
    </ClInclude>
    <ClInclude Include="src\rendering\EntityComponentSystemRenderer.h">
      <Filter>Header Files</Filter>
    </ClInclude>
    <ClInclude Include="src\ecs\IEntityComponentSystem.h">
      <Filter>Header Files</Filter>
    </ClInclude>
    <ClInclude Include="src\ecs\EntityDefinitionRepository.h">
      <Filter>Header Files</Filter>
    </ClInclude>
    <ClInclude Include="src\ecs\component\ComponentTypes.h">
      <Filter>Header Files</Filter>
    </ClInclude>
    <ClInclude Include="src\ecs\component\ComponentDefinition.h">
      <Filter>Header Files</Filter>
    </ClInclude>
    <ClInclude Include="src\ecs\component\EntityDefinition.h">
      <Filter>Header Files</Filter>
    </ClInclude>
    <ClInclude Include="src\ecs\component\PersonAIComponent.h">
      <Filter>Header Files</Filter>
    </ClInclude>
    <ClInclude Include="src\city\CityResidentManager.h">
      <Filter>Header Files</Filter>
    </ClInclude>
    <ClInclude Include="src\item\ItemDef.h">
      <Filter>Header Files</Filter>
    </ClInclude>
    <ClInclude Include="src\item\ItemRepository.h">
      <Filter>Header Files</Filter>
    </ClInclude>
    <ClInclude Include="src\item\ItemTradeManager.h">
      <Filter>Header Files</Filter>
    </ClInclude>
    <ClInclude Include="src\ui\TileInteractPanel.h">
      <Filter>Header Files</Filter>
    </ClInclude>
    <ClInclude Include="src\util\IntersectionUtil.h">
      <Filter>Header Files</Filter>
    </ClInclude>
    <ClInclude Include="src\util\IntersectionHit.h">
      <Filter>Header Files</Filter>
    </ClInclude>
    <ClInclude Include="src\crafting\CraftingRepository.h">
      <Filter>Header Files</Filter>
    </ClInclude>
    <ClInclude Include="src\ecs\business\BusinessComponentTypes.h">
      <Filter>Header Files</Filter>
    </ClInclude>
    <ClInclude Include="src\ecs\business\BusinessRepository.h">
      <Filter>Header Files</Filter>
    </ClInclude>
    <ClInclude Include="src\ecs\business\BusinessComponent.h">
      <Filter>Header Files</Filter>
    </ClInclude>
    <ClInclude Include="src\crafting\CraftingConst.h">
      <Filter>Header Files</Filter>
    </ClInclude>
    <ClInclude Include="src\city\CityBusinessManager.h">
      <Filter>Header Files</Filter>
    </ClInclude>
    <ClInclude Include="src\ecs\component\EmployeeComponent.h">
      <Filter>Header Files</Filter>
    </ClInclude>
    <ClInclude Include="src\ai\tasks\GatherTask.h">
      <Filter>Header Files</Filter>
    </ClInclude>
    <ClInclude Include="src\ecs\component\TimedTileInteractComponent.h">
      <Filter>Header Files</Filter>
    </ClInclude>
    <ClInclude Include="src\ai\tasks\IAgentTask.h">
      <Filter>Header Files</Filter>
    </ClInclude>
    <ClInclude Include="src\ecs\component\InventoryComponent.h">
      <Filter>Header Files</Filter>
    </ClInclude>
    <ClInclude Include="src\city\CityQuartermaster.h">
      <Filter>Header Files</Filter>
    </ClInclude>
    <ClInclude Include="src\item\ItemStockpile.h">
      <Filter>Header Files</Filter>
    </ClInclude>
    <ClInclude Include="src\item\ItemStack.h">
      <Filter>Header Files</Filter>
    </ClInclude>
    <ClInclude Include="src\util\AABB.hpp">
      <Filter>Header Files</Filter>
    </ClInclude>
    <ClInclude Include="..\include\Vorb\graphics\BlendState.h">
      <Filter>Header Files</Filter>
    </ClInclude>
    <ClInclude Include="src\rendering\ItemRenderer.h">
      <Filter>Header Files</Filter>
    </ClInclude>
    <ClInclude Include="src\camera\Camera3D.h">
      <Filter>Header Files</Filter>
    </ClInclude>
    <ClInclude Include="src\camera\ICamera.h">
      <Filter>Header Files</Filter>
    </ClInclude>
    <ClInclude Include="src\util\Tweener.h">
      <Filter>Header Files</Filter>
    </ClInclude>
    <ClInclude Include="src\rendering\Skybox.h">
      <Filter>Header Files</Filter>
    </ClInclude>
    <ClInclude Include="src\world\WorldObjectQuery.h">
      <Filter>Header Files</Filter>
    </ClInclude>
    <ClInclude Include="src\world\ChunkID.h">
      <Filter>Header Files</Filter>
    </ClInclude>
    <ClInclude Include="src\ecs\component\CharacterDetailsComponent.h">
      <Filter>Header Files</Filter>
    </ClInclude>
    <ClInclude Include="src\item\ItemStockpileRegistry.h">
      <Filter>Header Files</Filter>
    </ClInclude>
    <ClInclude Include="src\ai\tasks\BuildBlueprintTask.h">
      <Filter>Header Files</Filter>
    </ClInclude>
    <ClInclude Include="src\city\BuildingBlueprint.h">
      <Filter>Header Files</Filter>
    </ClInclude>
    <ClInclude Include="src\city\BuildingDescriptionRepository.h">
      <Filter>Header Files</Filter>
    </ClInclude>
    <ClInclude Include="src\util\BitArray.h">
      <Filter>Header Files</Filter>
    </ClInclude>
    <ClInclude Include="src\rendering\CloudRenderer.h">
      <Filter>Header Files</Filter>
    </ClInclude>
    <ClInclude Include="src\weather\CloudMeshManager.h">
      <Filter>Header Files</Filter>
    </ClInclude>
    <ClInclude Include="src\options\DebugOptions.h">
      <Filter>Header Files</Filter>
    </ClInclude>
    <ClInclude Include="src\rendering\post_process\DepthOfFieldPostProcess.h">
      <Filter>Header Files</Filter>
    </ClInclude>
    <ClInclude Include="src\rendering\post_process\ShadowRenderer.h">
      <Filter>Header Files</Filter>
    </ClInclude>
    <ClInclude Include="src\rendering\RenderStats.h">
      <Filter>Header Files</Filter>
    </ClInclude>
    <ClInclude Include="src\rendering\GlobalUboData.h">
      <Filter>Header Files</Filter>
    </ClInclude>
    <ClInclude Include="src\rendering\RenderCommon.h">
      <Filter>Header Files</Filter>
    </ClInclude>
    <ClInclude Include="src\rendering\post_process\AmbientOcclusionPostProcess.h">
      <Filter>Header Files</Filter>
    </ClInclude>
    <ClInclude Include="src\rendering\ChunkGrassQuadtree.h">
      <Filter>Header Files</Filter>
    </ClInclude>
    <ClInclude Include="src\world\HeightmapTerrainQuadtree.h">
      <Filter>Header Files</Filter>
    </ClInclude>
    <ClInclude Include="src\data_structure\FlatQuadtree.h">
      <Filter>Header Files</Filter>
    </ClInclude>
    <ClInclude Include="src\data_structure\QuadtreeSettings.h">
      <Filter>Header Files</Filter>
    </ClInclude>
    <ClInclude Include="src\world\TerrainConstants.h">
      <Filter>Header Files</Filter>
    </ClInclude>
    <ClInclude Include="src\editor\WorldEditorPanel.h">
      <Filter>Header Files</Filter>
    </ClInclude>
    <ClInclude Include="src\ui\UIContext.h">
      <Filter>Header Files</Filter>
    </ClInclude>
    <ClInclude Include="src\ui\DebugTweakerPanel.h">
      <Filter>Header Files</Filter>
    </ClInclude>
    <ClInclude Include="src\editor\BrushRepository.h">
      <Filter>Header Files</Filter>
    </ClInclude>
    <ClInclude Include="src\pathfinding\NavThread.h">
      <Filter>Header Files</Filter>
    </ClInclude>
    <ClInclude Include="src\pathfinding\NavPath.h">
      <Filter>Header Files</Filter>
    </ClInclude>
    <ClInclude Include="src\ui\TileInspectionPanel.h">
      <Filter>Header Files</Filter>
    </ClInclude>
    <ClInclude Include="src\city\business_jobs\IBusinessJob.h">
      <Filter>Header Files</Filter>
    </ClInclude>
    <ClInclude Include="src\city\business_jobs\ConstructBuildingJob.h">
      <Filter>Header Files</Filter>
    </ClInclude>
    <ClInclude Include="src\item\ItemReservation.h">
      <Filter>Header Files</Filter>
    </ClInclude>
    <ClInclude Include="src\definitions\BusinessDef.h">
      <Filter>Header Files</Filter>
    </ClInclude>
    <ClInclude Include="src\definitions\BuildingDef.h">
      <Filter>Header Files</Filter>
    </ClInclude>
    <ClInclude Include="src\ecs\component\OwnershipComponent.h">
      <Filter>Header Files</Filter>
    </ClInclude>
    <ClInclude Include="src\util\BitFlags.h">
      <Filter>Header Files</Filter>
    </ClInclude>
    <ClInclude Include="src\resources\ModelRepository.h">
      <Filter>Header Files</Filter>
    </ClInclude>
    <ClInclude Include="src\definitions\ModelDef.h">
      <Filter>Header Files</Filter>
    </ClInclude>
    <ClInclude Include="src\resources\RigRepository.h">
      <Filter>Header Files</Filter>
    </ClInclude>
    <ClInclude Include="src\definitions\RigDef.h">
      <Filter>Header Files</Filter>
    </ClInclude>
    <ClInclude Include="src\fbx\ozzFbxToMesh.hpp">
      <Filter>Header Files</Filter>
    </ClInclude>
    <ClInclude Include="src\resources\AnimMachineRepository.h">
      <Filter>Header Files</Filter>
    </ClInclude>
    <ClInclude Include="src\definitions\AnimMachineDef.h">
      <Filter>Header Files</Filter>
    </ClInclude>
    <ClInclude Include="src\ecs\component\CharacterControlComponent.h">
      <Filter>Header Files</Filter>
    </ClInclude>
    <ClInclude Include="src\resources\SkillRepository.h">
      <Filter>Header Files</Filter>
    </ClInclude>
    <ClInclude Include="src\definitions\SkillDef.h">
      <Filter>Header Files</Filter>
    </ClInclude>
    <ClInclude Include="src\resources\AnimationRepository.h">
      <Filter>Header Files</Filter>
    </ClInclude>
    <ClInclude Include="src\ecs\component\SkillsComponent.h">
      <Filter>Header Files</Filter>
    </ClInclude>
    <ClInclude Include="src\camera\CameraController.h">
      <Filter>Header Files</Filter>
    </ClInclude>
    <ClInclude Include="src\camera\CameraMode.h">
      <Filter>Header Files</Filter>
    </ClInclude>
    <ClInclude Include="src\network\Message.h">
      <Filter>Header Files</Filter>
    </ClInclude>
    <ClInclude Include="src\ecs\component\AttributesComponent.h">
      <Filter>Header Files</Filter>
    </ClInclude>
    <ClInclude Include="src\ecs\component\StatsComponent.h">
      <Filter>Header Files</Filter>
    </ClInclude>
    <ClInclude Include="src\rendering\TerrainRenderer.h">
      <Filter>Header Files</Filter>
    </ClInclude>
    <ClInclude Include="src\rendering\MaterialUtils.h">
      <Filter>Header Files</Filter>
    </ClInclude>
    <ClInclude Include="src\options\LightingOptions.h">
      <Filter>Header Files</Filter>
    </ClInclude>
    <ClInclude Include="src\rendering\mesh\Mesh.h">
      <Filter>Header Files</Filter>
    </ClInclude>
    <ClInclude Include="src\rendering\mesh\Vertex.h">
      <Filter>Header Files</Filter>
    </ClInclude>
    <ClInclude Include="src\util\StringHash.h">
      <Filter>Header Files</Filter>
    </ClInclude>
    <ClInclude Include="src\resources\TextureRepository.h">
      <Filter>Header Files</Filter>
    </ClInclude>
    <ClInclude Include="src\rendering\GLExtensions.h">
      <Filter>Header Files</Filter>
    </ClInclude>
    <ClInclude Include="src\rendering\texture\MaterialTextureGenerator.h">
      <Filter>Header Files</Filter>
    </ClInclude>
    <ClInclude Include="src\structure\Structure.h">
      <Filter>Header Files</Filter>
    </ClInclude>
    <ClInclude Include="src\tile\Tile.h">
      <Filter>Header Files</Filter>
    </ClInclude>
    <ClInclude Include="src\tile\TileConst.h">
      <Filter>Header Files</Filter>
    </ClInclude>
    <ClInclude Include="src\tile\TileContainer.h">
      <Filter>Header Files</Filter>
    </ClInclude>
    <ClInclude Include="src\tile\TileFlags.h">
      <Filter>Header Files</Filter>
    </ClInclude>
    <ClInclude Include="src\tile\TileHandle.h">
      <Filter>Header Files</Filter>
    </ClInclude>
    <ClInclude Include="src\resources\TileRepository.h">
      <Filter>Header Files</Filter>
    </ClInclude>
    <ClInclude Include="src\tile\TileUtil.h">
      <Filter>Header Files</Filter>
    </ClInclude>
    <ClInclude Include="src\debugging\VisualLogger.h">
      <Filter>Header Files</Filter>
    </ClInclude>
    <ClInclude Include="src\debugging\DebugMesh.h">
      <Filter>Header Files</Filter>
    </ClInclude>
    <ClInclude Include="src\debugging\SimpleMesh.h">
      <Filter>Header Files</Filter>
    </ClInclude>
    <ClInclude Include="src\debugging\ValueTweaker.h">
      <Filter>Header Files</Filter>
    </ClInclude>
    <ClInclude Include="src\structure\StructureManager.h">
      <Filter>Header Files</Filter>
    </ClInclude>
    <ClInclude Include="src\util\TinyThreadsafeVector.hpp">
      <Filter>Header Files</Filter>
    </ClInclude>
    <ClInclude Include="src\util\GridEdgeFinder.h">
      <Filter>Header Files</Filter>
    </ClInclude>
    <ClInclude Include="src\util\GridEdge.h">
      <Filter>Header Files</Filter>
    </ClInclude>
    <ClInclude Include="src\resources\FontRepository.h">
      <Filter>Header Files</Filter>
    </ClInclude>
    <ClInclude Include="src\rendering\font\Font.h">
      <Filter>Header Files</Filter>
    </ClInclude>
    <ClInclude Include="src\physics\PhysicsWorld.h">
      <Filter>Header Files</Filter>
    </ClInclude>
    <ClInclude Include="src\debugging\PhysicsDebugDrawer.h">
      <Filter>Header Files</Filter>
    </ClInclude>
    <ClInclude Include="src\terrain\HeightmapPatch.h">
      <Filter>Header Files</Filter>
    </ClInclude>
    <ClInclude Include="src\physics\DynamicCharacterController.h">
      <Filter>Header Files</Filter>
    </ClInclude>
    <ClInclude Include="src\physics\CollisionShapes.h">
      <Filter>Header Files</Filter>
    </ClInclude>
    <ClInclude Include="src\physics\StaticPhysicsMeshBuilder.h">
      <Filter>Header Files</Filter>
    </ClInclude>
    <ClInclude Include="src\physics\PhysHitResult.h">
      <Filter>Header Files</Filter>
    </ClInclude>
    <ClInclude Include="src\pathfinding\NavWorld.h">
      <Filter>Header Files</Filter>
    </ClInclude>
    <ClInclude Include="src\pathfinding\CoarseNavGraph.h">
      <Filter>Header Files</Filter>
    </ClInclude>
    <ClInclude Include="src\tile\Stairs.h">
      <Filter>Header Files</Filter>
    </ClInclude>
    <ClInclude Include="src\App.h">
      <Filter>Header Files</Filter>
    </ClInclude>
    <ClInclude Include="src\debugging\DebugRenderer.h">
      <Filter>Header Files</Filter>
    </ClInclude>
    <ClInclude Include="src\screens\GameplayScreen.h">
      <Filter>Header Files</Filter>
    </ClInclude>
    <ClInclude Include="src\math\Noise.h">
      <Filter>Header Files</Filter>
    </ClInclude>
    <ClInclude Include="src\math\Random.h">
      <Filter>Header Files</Filter>
    </ClInclude>
    <ClInclude Include="src\util\Utils.h">
      <Filter>Header Files</Filter>
    </ClInclude>
    <ClInclude Include="src\resources\ResourceManager.h">
      <Filter>Header Files</Filter>
    </ClInclude>
    <ClInclude Include="src\util\MathUtil.hpp">
      <Filter>Header Files</Filter>
    </ClInclude>
    <ClInclude Include="src\screens\MainMenuScreen.h">
      <Filter>Header Files</Filter>
    </ClInclude>
    <ClInclude Include="src\network\Cli\GameClient.h">
      <Filter>Header Files</Filter>
    </ClInclude>
    <ClInclude Include="src\network\NetworkConst.h">
      <Filter>Header Files</Filter>
    </ClInclude>
    <ClInclude Include="src\network\GameConnectionConfig.h">
      <Filter>Header Files</Filter>
    </ClInclude>
    <ClInclude Include="src\network\srv\GameServer.h">
      <Filter>Header Files</Filter>
    </ClInclude>
    <ClInclude Include="src\network\srv\SrvAdapter.h">
      <Filter>Header Files</Filter>
    </ClInclude>
    <ClInclude Include="src\network\cli\CliAdapter.h">
      <Filter>Header Files</Filter>
    </ClInclude>
    <ClInclude Include="src\util\Cartesian.h">
      <Filter>Header Files</Filter>
    </ClInclude>
    <ClInclude Include="src\util\CubeFacing.h">
      <Filter>Header Files</Filter>
    </ClInclude>
    <ClInclude Include="src\util\MathDefines.h">
      <Filter>Header Files</Filter>
    </ClInclude>
    <ClInclude Include="src\world\ChunkConst.h">
      <Filter>Header Files</Filter>
    </ClInclude>
    <ClInclude Include="src\item\ItemConst.h">
      <Filter>Header Files</Filter>
    </ClInclude>
    <ClInclude Include="src\util\Winding.h">
      <Filter>Header Files</Filter>
    </ClInclude>
    <ClInclude Include="src\util\CommonUtil.h">
      <Filter>Header Files</Filter>
    </ClInclude>
    <ClInclude Include="src\math\ConstVectors.h">
      <Filter>Header Files</Filter>
    </ClInclude>
    <ClInclude Include="src\logging\ErrorLogging.h">
      <Filter>Header Files</Filter>
    </ClInclude>
    <ClInclude Include="src\util\ThreadIDs.h">
      <Filter>Header Files</Filter>
    </ClInclude>
    <ClInclude Include="src\tile\TileHarvestable.h">
      <Filter>Header Files</Filter>
    </ClInclude>
    <ClInclude Include="src\network\NetworkUtil.h">
      <Filter>Header Files</Filter>
    </ClInclude>
    <ClInclude Include="src\world\IChunkGrid.h">
      <Filter>Header Files</Filter>
    </ClInclude>
    <ClInclude Include="src\world\IHeightmapGrid.h">
      <Filter>Header Files</Filter>
    </ClInclude>
    <ClInclude Include="src\rendering\mesh\TerrainMeshManager.h">
      <Filter>Header Files</Filter>
    </ClInclude>
    <ClInclude Include="src\world\World.h">
      <Filter>Header Files</Filter>
    </ClInclude>
    <ClInclude Include="src\world\srv\SrvChunkGrid.h">
      <Filter>Header Files</Filter>
    </ClInclude>
    <ClInclude Include="src\world\cli\CliChunkGrid.h">
      <Filter>Header Files</Filter>
    </ClInclude>
    <ClInclude Include="src\world\cli\CliHeightmapGrid.h">
      <Filter>Header Files</Filter>
    </ClInclude>
    <ClInclude Include="src\world\srv\SrvHeightmapGrid.h">
      <Filter>Header Files</Filter>
    </ClInclude>
    <ClInclude Include="src\network\WorldNetMode.h">
      <Filter>Header Files</Filter>
    </ClInclude>
    <ClInclude Include="src\screens\ScreenState.h">
      <Filter>Header Files</Filter>
    </ClInclude>
    <ClInclude Include="src\rendering\LoadScreenRenderer.h">
      <Filter>Header Files</Filter>
    </ClInclude>
    <ClInclude Include="src\ui\PauseMenuPanel.h">
      <Filter>Header Files</Filter>
    </ClInclude>
    <ClInclude Include="src\ui\ImguiUtil.hpp">
      <Filter>Header Files</Filter>
    </ClInclude>
    <ClInclude Include="src\ecs\cli\CliEntityComponentSystem.h">
      <Filter>Header Files</Filter>
    </ClInclude>
    <ClInclude Include="src\ecs\srv\SrvEntityComponentSystem.h">
      <Filter>Header Files</Filter>
    </ClInclude>
    <ClInclude Include="src\util\StrToken.h">
      <Filter>Header Files</Filter>
    </ClInclude>
    <ClInclude Include="src\network\srv\SrvMessage.h">
      <Filter>Header Files</Filter>
    </ClInclude>
    <ClInclude Include="src\ecs\component\EntityDetailsComponent.h">
      <Filter>Header Files</Filter>
    </ClInclude>
    <ClInclude Include="src\network\cli\CliMessage.h">
      <Filter>Header Files</Filter>
    </ClInclude>
    <ClInclude Include="src\time\GameTimeManager.h">
      <Filter>Header Files</Filter>
    </ClInclude>
    <ClInclude Include="src\rendering\RenderThreadTasks.h">
      <Filter>Header Files</Filter>
    </ClInclude>
    <ClInclude Include="src\gamethread\GameThread.h">
      <Filter>Header Files</Filter>
    </ClInclude>
    <ClInclude Include="src\gamethread\GameThreadTasks.h">
      <Filter>Header Files</Filter>
    </ClInclude>
    <ClInclude Include="src\rendering\renderstate\RenderState.h">
      <Filter>Header Files</Filter>
    </ClInclude>
    <ClInclude Include="src\rendering\renderstate\GameRenderStateManager.h">
      <Filter>Header Files</Filter>
    </ClInclude>
    <ClInclude Include="src\world\ChunkState.h">
      <Filter>Header Files</Filter>
    </ClInclude>
    <ClInclude Include="src\instrumentation\instrumentor.h">
      <Filter>Header Files</Filter>
    </ClInclude>
    <ClInclude Include="src\world\Chunk.h">
      <Filter>Header Files</Filter>
    </ClInclude>
    <ClInclude Include="src\character\CharacterConst.h">
      <Filter>Header Files</Filter>
    </ClInclude>
    <ClInclude Include="src\rendering\model\ModelConst.h">
      <Filter>Header Files</Filter>
    </ClInclude>
    <ClInclude Include="src\rendering\model\AnimationConst.h">
      <Filter>Header Files</Filter>
    </ClInclude>
    <ClInclude Include="src\rendering\renderstate\CharacterRenderState.h">
      <Filter>Header Files</Filter>
    </ClInclude>
    <ClInclude Include="src\rendering\renderer\GrassRenderer.h">
      <Filter>Header Files</Filter>
    </ClInclude>
    <ClInclude Include="src\rendering\mesh\GrassMeshManager.h">
      <Filter>Header Files</Filter>
    </ClInclude>
    <ClInclude Include="src\rendering\tasks\MeshTask.inl">
      <Filter>Header Files</Filter>
    </ClInclude>
    <ClInclude Include="src\physics\StaticPhysicsMesh.h">
      <Filter>Header Files</Filter>
    </ClInclude>
    <ClInclude Include="src\physics\PhysicsConst.h">
      <Filter>Header Files</Filter>
    </ClInclude>
    <ClInclude Include="src\types\IdTypes.h">
      <Filter>Header Files</Filter>
    </ClInclude>
    <ClInclude Include="src\rendering\model\InstancedStaticModelRenderer.h">
      <Filter>Header Files</Filter>
    </ClInclude>
    <ClInclude Include="src\rendering\model\InstancedStaticModelGatherer.h">
      <Filter>Header Files</Filter>
    </ClInclude>
    <ClInclude Include="src\rendering\model\StaticModelInstance.h">
      <Filter>Header Files</Filter>
    </ClInclude>
    <ClInclude Include="src\rendering\post_process\ShadowLodDetail.h">
      <Filter>Header Files</Filter>
    </ClInclude>
    <ClInclude Include="src\ui\editor\EditorRoot.h">
      <Filter>Header Files</Filter>
    </ClInclude>
    <ClInclude Include="src\ui\editor\TileEditorPanel.h">
      <Filter>Header Files</Filter>
    </ClInclude>
    <ClInclude Include="src\ui\editor\ModelEditorViewportPanel.h">
      <Filter>Header Files</Filter>
    </ClInclude>
    <ClInclude Include="src\camera\SimpleCamera.h">
      <Filter>Header Files</Filter>
    </ClInclude>
    <ClInclude Include="src\rendering\gl\GLObjects.h">
      <Filter>Header Files</Filter>
    </ClInclude>
    <ClInclude Include="src\rendering\material\MaterialData.h">
      <Filter>Header Files</Filter>
    </ClInclude>
    <ClInclude Include="src\resources\MaterialRepository.h">
      <Filter>Header Files</Filter>
    </ClInclude>
    <ClInclude Include="src\rendering\texture\GLTexture.h">
      <Filter>Header Files</Filter>
    </ClInclude>
    <ClInclude Include="src\rendering\gl\GL.h">
      <Filter>Header Files</Filter>
    </ClInclude>
    <ClInclude Include="src\rendering\gl\GLAPI.h">
      <Filter>Header Files</Filter>
    </ClInclude>
    <ClInclude Include="src\rendering\gl\GLAPITrace.h">
      <Filter>Header Files</Filter>
    </ClInclude>
    <ClInclude Include="src\physics\CollisionShapeRepository.h">
      <Filter>Header Files</Filter>
    </ClInclude>
    <ClInclude Include="src\util\TypeHash.h">
      <Filter>Header Files</Filter>
    </ClInclude>
    <ClInclude Include="src\physics\TrackedStaticRigidBodyGatherer.h">
      <Filter>Header Files</Filter>
    </ClInclude>
    <ClInclude Include="src\util\b3ChromeTraceUtil.h">
      <Filter>Header Files</Filter>
    </ClInclude>
    <ClInclude Include="src\tile\TileContainerEvents.h">
      <Filter>Header Files</Filter>
    </ClInclude>
    <ClInclude Include="src\rendering\model\ModelUtil.h">
      <Filter>Header Files</Filter>
    </ClInclude>
    <ClInclude Include="src\util\NativeFileBrowser.h">
      <Filter>Header Files</Filter>
    </ClInclude>
    <ClInclude Include="src\resources\ResourceOperations.h">
      <Filter>Header Files</Filter>
    </ClInclude>
    <ClInclude Include="src\rendering\mesh\MeshOperations.h">
      <Filter>Header Files</Filter>
    </ClInclude>
    <ClInclude Include="src\rendering\mesh\VertexType.h">
      <Filter>Header Files</Filter>
    </ClInclude>
    <ClInclude Include="src\rendering\mesh\FBXRawMesh.h">
      <Filter>Header Files</Filter>
    </ClInclude>
    <ClInclude Include="src\rendering\mesh\MeshSkeletonData.h">
      <Filter>Header Files</Filter>
    </ClInclude>
    <ClInclude Include="src\ui\editor\MaterialEditorViewportPanel.h">
      <Filter>Header Files</Filter>
    </ClInclude>
    <ClInclude Include="src\rendering\mesh\PrimitiveShapeMeshes.h">
      <Filter>Header Files</Filter>
    </ClInclude>
    <ClInclude Include="src\ui\editor\IEditorViewportPanel.h">
      <Filter>Header Files</Filter>
    </ClInclude>
    <ClInclude Include="src\rendering\model\MaterialRenderPassType.h">
      <Filter>Header Files</Filter>
    </ClInclude>
    <ClInclude Include="src\rendering\post_process\SmudgeRenderer.h">
      <Filter>Header Files</Filter>
    </ClInclude>
    <ClInclude Include="src\rendering\post_process\TonemapRenderer.h">
      <Filter>Header Files</Filter>
    </ClInclude>
    <ClInclude Include="src\rendering\StencilBufferIDs.h">
      <Filter>Header Files</Filter>
    </ClInclude>
    <ClInclude Include="src\util\TextureUtil.h">
      <Filter>Header Files</Filter>
    </ClInclude>
    <ClInclude Include="src\rendering\material\BrdfLUT.h">
      <Filter>Header Files</Filter>
    </ClInclude>
    <ClInclude Include="src\rendering\mesh\mesher\ChunkMesher.h">
      <Filter>Header Files</Filter>
    </ClInclude>
    <ClInclude Include="src\rendering\mesh\mesher\BuildingMesher.h">
      <Filter>Header Files</Filter>
    </ClInclude>
    <ClInclude Include="src\rendering\mesh\mesher\ITileContainerMesher.h">
      <Filter>Header Files</Filter>
    </ClInclude>
    <ClInclude Include="src\rendering\mesh\mesher\builder\BillboardMeshBuilder.h">
      <Filter>Header Files</Filter>
    </ClInclude>
    <ClInclude Include="src\rendering\mesh\mesher\builder\ModelMeshBuilder.h">
      <Filter>Header Files</Filter>
    </ClInclude>
    <ClInclude Include="src\rendering\mesh\mesher\builder\ProceduralMeshBuilder.h">
      <Filter>Header Files</Filter>
    </ClInclude>
    <ClInclude Include="src\rendering\mesh\mesher\builder\TextMeshBuilder.h">
      <Filter>Header Files</Filter>
    </ClInclude>
    <ClInclude Include="src\rendering\mesh\mesher\builder\TileMeshBuilderMethods.h">
      <Filter>Header Files</Filter>
    </ClInclude>
    <ClInclude Include="src\rendering\mesh\mesher\builder\MeshBuilderCommon.h">
      <Filter>Header Files</Filter>
    </ClInclude>
    <ClInclude Include="src\rendering\mesh\mesher\builder\ContainerMeshBuilders.h">
      <Filter>Header Files</Filter>
    </ClInclude>
    <ClInclude Include="src\rendering\mesh\mesher\builder\TerrainMeshBuilder.h">
      <Filter>Header Files</Filter>
    </ClInclude>
    <ClInclude Include="src\item\ItemStockpileEvent.h">
      <Filter>Header Files</Filter>
    </ClInclude>
    <ClInclude Include="src\util\ThreadSafeDirtySet.h">
      <Filter>Header Files</Filter>
    </ClInclude>
    <ClInclude Include="src\ai\tasks\PathToTargetTask.h">
      <Filter>Header Files</Filter>
    </ClInclude>
    <ClInclude Include="src\tile\TileContainerHarvestableRegistry.h">
      <Filter>Header Files</Filter>
    </ClInclude>
    <ClInclude Include="src\tile\HarvestableSubChunkRegistry.h">
      <Filter>Header Files</Filter>
    </ClInclude>
    <ClInclude Include="src\city\contracts\ContractManager.h">
      <Filter>Header Files</Filter>
    </ClInclude>
    <ClInclude Include="src\city\contracts\IContract.h">
      <Filter>Header Files</Filter>
    </ClInclude>
    <ClInclude Include="src\ecs\component\ContractHolderComponent.h">
      <Filter>Header Files</Filter>
    </ClInclude>
    <ClInclude Include="src\city\contracts\ItemShipmentContract.h">
      <Filter>Header Files</Filter>
    </ClInclude>
    <ClInclude Include="src\item\Recipe.h">
      <Filter>Header Files</Filter>
    </ClInclude>
    <ClInclude Include="src\util\Timing\ThreadUtilizationTimer.h">
      <Filter>Header Files</Filter>
    </ClInclude>
    <ClInclude Include="src\rendering\mesh\mesher\builder\ProceduralMeshHelpers.h">
      <Filter>Header Files</Filter>
    </ClInclude>
    <ClInclude Include="src\tile\TileSpatialGrid.h">
      <Filter>Header Files</Filter>
    </ClInclude>
    <ClInclude Include="src\tile\TileWallContainer.h">
      <Filter>Header Files</Filter>
    </ClInclude>
    <ClInclude Include="src\tile\TileGrass.h">
      <Filter>Header Files</Filter>
    </ClInclude>
    <ClInclude Include="src\resources\TileGrassRepository.h">
      <Filter>Header Files</Filter>
    </ClInclude>
    <ClInclude Include="src\rendering\mesh\mesher\builder\GrassMeshBuilderMethods.h">
      <Filter>Header Files</Filter>
    </ClInclude>
    <ClInclude Include="src\rendering\renderer\WorldRenderer.h">
      <Filter>Header Files</Filter>
    </ClInclude>
    <ClInclude Include="src\time\TimeOfDayManager.h">
      <Filter>Header Files</Filter>
    </ClInclude>
    <ClInclude Include="src\stdafx.h">
      <Filter>Header Files</Filter>
    </ClInclude>
    <ClInclude Include="src\city\BuildingBlueprintFlags.h">
      <Filter>Header Files</Filter>
    </ClInclude>
    <ClInclude Include="src\tile\TileContainerRepository.h">
      <Filter>Header Files</Filter>
    </ClInclude>
    <ClInclude Include="src\tile\TileContainerConst.h">
      <Filter>Header Files</Filter>
    </ClInclude>
    <ClInclude Include="src\rendering\GlobalRenderData.h">
      <Filter>Header Files</Filter>
    </ClInclude>
    <ClInclude Include="src\rendering\post_process\ShadowPassShaderData.h">
      <Filter>Header Files</Filter>
    </ClInclude>
    <ClInclude Include="src\rendering\renderdata\WorldRenderDataManager.h">
      <Filter>Header Files</Filter>
    </ClInclude>
    <ClInclude Include="src\rendering\TileContainerMeshData.h">
      <Filter>Header Files</Filter>
    </ClInclude>
    <ClInclude Include="src\rendering\mesh\TileContainerMeshManager.h">
      <Filter>Header Files</Filter>
    </ClInclude>
    <ClInclude Include="src\rendering\model\InstancedStaticModelManager.h">
      <Filter>Header Files</Filter>
    </ClInclude>
    <ClInclude Include="src\rendering\model\StaticMeshInstanceData.h">
      <Filter>Header Files</Filter>
    </ClInclude>
    <ClInclude Include="src\generation\IWorldGenerator.h">
      <Filter>Header Files</Filter>
    </ClInclude>
    <ClInclude Include="src\util\SpatialGrid2D.h">
      <Filter>Header Files</Filter>
    </ClInclude>
    <ClInclude Include="src\ecs\component\CameraAttachComponent.h">
      <Filter>Header Files</Filter>
    </ClInclude>
    <ClInclude Include="src\world\controller\EditorWorldInterfaceController.h">
      <Filter>Header Files</Filter>
    </ClInclude>
    <ClInclude Include="src\world\controller\IWorldInterfaceController.h">
      <Filter>Header Files</Filter>
    </ClInclude>
    <ClInclude Include="src\ui\UIContextEvents.h">
      <Filter>Header Files</Filter>
    </ClInclude>
    <ClInclude Include="src\generation\FlatWorldGenerator.h">
      <Filter>Header Files</Filter>
    </ClInclude>
    <ClInclude Include="src\generation\WorldGeneratorFactory.h">
      <Filter>Header Files</Filter>
    </ClInclude>
    <ClInclude Include="src\generation\WorldGeneratorType.h">
      <Filter>Header Files</Filter>
    </ClInclude>
    <ClInclude Include="src\ui\editor\FoliageEditorViewportPanel.h">
      <Filter>Header Files</Filter>
    </ClInclude>
    <ClInclude Include="src\rendering\UboHelpers.h">
      <Filter>Header Files</Filter>
    </ClInclude>
    <ClInclude Include="src\filesystem\FileSystem.h">
      <Filter>Header Files</Filter>
    </ClInclude>
    <ClInclude Include="src\io\PngLoader.h">
      <Filter>Header Files</Filter>
    </ClInclude>
    <ClInclude Include="src\rendering\texture\TextureHelpers.h">
      <Filter>Header Files</Filter>
    </ClInclude>
    <ClInclude Include="src\rendering\texture\TextureConvert.h">
      <Filter>Header Files</Filter>
    </ClInclude>
    <ClInclude Include="src\extern\bc7enc\bc7decomp.h">
      <Filter>Header Files</Filter>
    </ClInclude>
    <ClInclude Include="src\extern\bc7enc\bc7enc.h">
      <Filter>Header Files</Filter>
    </ClInclude>
    <ClInclude Include="src\extern\bc7enc\dds_defs.h">
      <Filter>Header Files</Filter>
    </ClInclude>
    <ClInclude Include="src\extern\bc7enc\rgbcx.h">
      <Filter>Header Files</Filter>
    </ClInclude>
    <ClInclude Include="src\extern\bc7enc\rgbcx_table4.h">
      <Filter>Header Files</Filter>
    </ClInclude>
    <ClInclude Include="src\rendering\mesh\TileGrassMeshType.h">
      <Filter>Header Files</Filter>
    </ClInclude>
    <ClInclude Include="src\rendering\mesh\GrassBillboardMeshRenderData.h">
      <Filter>Header Files</Filter>
    </ClInclude>
    <ClInclude Include="src\world\ChunkEvents.h">
      <Filter>Header Files</Filter>
    </ClInclude>
    <ClInclude Include="src\rendering\mesh\MeshDrawer.h">
      <Filter>Header Files</Filter>
    </ClInclude>
    <ClInclude Include="src\ui\editor\FishingEditorViewportPanel.h">
      <Filter>Header Files</Filter>
    </ClInclude>
    <ClInclude Include="src\ui\minigame\FishingMinigame.h">
      <Filter>Header Files</Filter>
    </ClInclude>
    <ClInclude Include="src\rendering\fish\FishRenderer.h">
      <Filter>Header Files</Filter>
    </ClInclude>
    <ClInclude Include="src\resources\FishRepository.h">
      <Filter>Header Files</Filter>
    </ClInclude>
    <ClInclude Include="src\definitions\FishDef.h">
      <Filter>Header Files</Filter>
    </ClInclude>
    <ClInclude Include="src\rendering\renderstate\RenderStateManager.h">
      <Filter>Header Files</Filter>
    </ClInclude>
    <ClInclude Include="src\world\ecosystem\FishEcosystem.h">
      <Filter>Header Files</Filter>
    </ClInclude>
    <ClInclude Include="src\rendering\renderer\OverlayRenderer.h">
      <Filter>Header Files</Filter>
    </ClInclude>
    <ClInclude Include="src\ecs\component\FishingComponent.h">
      <Filter>Header Files</Filter>
    </ClInclude>
    <ClInclude Include="src\ecs\component\PositionComponent.h">
      <Filter>Header Files</Filter>
    </ClInclude>
    <ClInclude Include="src\rendering\particle\CPUParticleSystem.h">
      <Filter>Header Files</Filter>
    </ClInclude>
    <ClInclude Include="src\rendering\gl\GpuStreamingDataBuffer.h">
      <Filter>Header Files</Filter>
    </ClInclude>
    <ClInclude Include="src\rendering\particle\CpuParticleEmitter.h">
      <Filter>Header Files</Filter>
    </ClInclude>
    <ClInclude Include="src\ecs\component\YawPitchComponent.h">
      <Filter>Header Files</Filter>
    </ClInclude>
    <ClInclude Include="src\ecs\component\VelocityComponent.h">
      <Filter>Header Files</Filter>
    </ClInclude>
    <ClInclude Include="src\ui\minigame\LocalMinigameContext.h">
      <Filter>Header Files</Filter>
    </ClInclude>
    <ClInclude Include="src\ui\minigame\ILocalMinigame.h">
      <Filter>Header Files</Filter>
    </ClInclude>
    <ClInclude Include="src\events\SkillEvent.h">
      <Filter>Header Files</Filter>
    </ClInclude>
    <ClInclude Include="src\skill\SkillSlot.h">
      <Filter>Header Files</Filter>
    </ClInclude>
    <ClInclude Include="src\combat\CombatContext.h">
      <Filter>Header Files</Filter>
    </ClInclude>
    <ClInclude Include="src\combat\Attack.h">
      <Filter>Header Files</Filter>
    </ClInclude>
    <ClInclude Include="src\rendering\particle\CPUParticleEmitterModule.h">
      <Filter>Header Files</Filter>
    </ClInclude>
    <ClInclude Include="src\util\ArbitraryObjectArray.h">
      <Filter>Header Files</Filter>
    </ClInclude>
    <ClInclude Include="src\rendering\particle\ParticleEnumTypes.h">
      <Filter>Header Files</Filter>
    </ClInclude>
    <ClInclude Include="src\rendering\particle\BuiltinCPUParticleEmitterModules.h">
      <Filter>Header Files</Filter>
    </ClInclude>
    <ClInclude Include="src\rendering\particle\CPUParticleEmitterOperation.h">
      <Filter>Header Files</Filter>
    </ClInclude>
    <ClInclude Include="src\ui\editor\ParticleSystemEditorViewportPanel.h">
      <Filter>Header Files</Filter>
    </ClInclude>
    <ClInclude Include="src\resources\ParticleSystemRepository.h">
      <Filter>Header Files</Filter>
    </ClInclude>
    <ClInclude Include="src\definitions\ParticleSystemDef.h">
      <Filter>Header Files</Filter>
    </ClInclude>
    <ClInclude Include="src\ai\gpt\GptApi.h">
      <Filter>Header Files</Filter>
    </ClInclude>
    <ClInclude Include="src\serialization\YmlSerializable.h">
      <Filter>Header Files</Filter>
    </ClInclude>
    <ClInclude Include="src\resources\IAsset.h">
      <Filter>Header Files</Filter>
    </ClInclude>
    <ClInclude Include="src\resources\IAssetRepository.h">
      <Filter>Header Files</Filter>
    </ClInclude>
    <ClInclude Include="src\serialization\YmlSerializer.h">
      <Filter>Header Files</Filter>
    </ClInclude>
    <ClInclude Include="src\util\ConstexprMap.h">
      <Filter>Header Files</Filter>
    </ClInclude>
    <ClInclude Include="src\serialization\VorbSerializableDefs.h">
      <Filter>Header Files</Filter>
    </ClInclude>
    <ClInclude Include="src\ui\editor\EditorCurve.hpp">
      <Filter>Header Files</Filter>
    </ClInclude>
    <ClInclude Include="src\util\RandomPointFromShape.h">
      <Filter>Header Files</Filter>
    </ClInclude>
    <ClInclude Include="src\util\StrtokenEncodeTable.h">
      <Filter>Header Files</Filter>
    </ClInclude>
    <ClInclude Include="src\serialization\NetSerialize.h">
      <Filter>Header Files</Filter>
    </ClInclude>
    <ClInclude Include="src\resources\AssetLoader.h">
      <Filter>Header Files</Filter>
    </ClInclude>
    <ClInclude Include="src\util\ExclusiveCacheLine.h">
      <Filter>Header Files</Filter>
    </ClInclude>
    <ClInclude Include="src\util\panic.h">
      <Filter>Header Files</Filter>
    </ClInclude>
    <ClInclude Include="src\resources\AssetLoadTask.h">
      <Filter>Header Files</Filter>
    </ClInclude>
    <ClInclude Include="src\definitions\rendering\CubemapDef.h">
      <Filter>Header Files</Filter>
    </ClInclude>
    <ClInclude Include="src\definitions\rendering\TextureDef.h">
      <Filter>Header Files</Filter>
    </ClInclude>
    <ClInclude Include="src\resources\CubemapRepository.h">
      <Filter>Header Files</Filter>
    </ClInclude>
    <ClInclude Include="src\resources\asset\AssetHandleBase.h">
      <Filter>Header Files</Filter>
    </ClInclude>
    <ClInclude Include="src\resources\asset\AssetHandleBundle.h">
      <Filter>Header Files</Filter>
    </ClInclude>
    <ClInclude Include="src\definitions\BrushDef.h">
      <Filter>Header Files</Filter>
    </ClInclude>
    <ClInclude Include="src\definitions\AnimationDef.h">
      <Filter>Header Files</Filter>
    </ClInclude>
    <ClInclude Include="src\resources\asset\AssetHandle.h">
      <Filter>Header Files</Filter>
    </ClInclude>
    <ClInclude Include="src\definitions\TileGrassDef.h">
      <Filter>Header Files</Filter>
    </ClInclude>
    <ClInclude Include="src\rendering\particle\ParticleSystemInputs.h">
      <Filter>Header Files</Filter>
    </ClInclude>
    <ClInclude Include="src\extern\ImGuiFileDialog\ImGuiFileDialog.h">
      <Filter>Header Files</Filter>
    </ClInclude>
    <ClInclude Include="src\extern\ImGuiFileDialog\ImGuiFileDialogConfig.h">
      <Filter>Header Files</Filter>
    </ClInclude>
    <ClInclude Include="src\resources\asset\AssetMetadata.h">
      <Filter>Header Files</Filter>
    </ClInclude>
    <ClInclude Include="src\ui\editor\ImguiAssetThumbnails.h">
      <Filter>Header Files</Filter>
    </ClInclude>
    <ClInclude Include="src\effect\cli\CliEffectContext.h">
      <Filter>Header Files</Filter>
    </ClInclude>
    <ClInclude Include="src\effect\host\HostEffectContext.h">
      <Filter>Header Files</Filter>
    </ClInclude>
    <ClInclude Include="src\effect\IEffectContext.h">
      <Filter>Header Files</Filter>
    </ClInclude>
    <ClInclude Include="src\world\WorldContextObject.h">
      <Filter>Header Files</Filter>
    </ClInclude>
    <ClInclude Include="src\world\WorldEvents.h">
      <Filter>Header Files</Filter>
    </ClInclude>
    <ClInclude Include="src\definitions\EffectDef.h">
      <Filter>Header Files</Filter>
    </ClInclude>
    <ClInclude Include="src\resources\EffectRepository.h">
      <Filter>Header Files</Filter>
    </ClInclude>
    <ClInclude Include="src\ui\editor\ContentBrowserPanel.h">
      <Filter>Header Files</Filter>
    </ClInclude>
    <ClInclude Include="src\ui\editor\BiomeEditorViewportPanel.h">
      <Filter>Header Files</Filter>
    </ClInclude>
    <ClInclude Include="src\ui\editor\ImguiColors.h">
      <Filter>Header Files</Filter>
    </ClInclude>
    <ClInclude Include="src\ui\editor\ContentBrowser\ContentBrowserItem.h">
      <Filter>Header Files</Filter>
    </ClInclude>
    <ClInclude Include="src\ui\editor\Settings\EditorSettings.h">
      <Filter>Header Files</Filter>
    </ClInclude>
    <ClInclude Include="src\ui\editor\Selection\EditorSelectionManager.h">
      <Filter>Header Files</Filter>
    </ClInclude>
    <ClInclude Include="src\util\UniqueId64.h">
      <Filter>Header Files</Filter>
    </ClInclude>
    <ClInclude Include="src\util\StringUtils.h">
      <Filter>Header Files</Filter>
    </ClInclude>
    <ClInclude Include="src\editor\EditorResources.h">
      <Filter>Header Files</Filter>
    </ClInclude>
    <ClInclude Include="src\ui\editor\AssetEditorViewportPanel.h">
      <Filter>Header Files</Filter>
    </ClInclude>
    <ClInclude Include="src\ui\editor\AssetEditorViewportPanelBase.h">
      <Filter>Header Files</Filter>
    </ClInclude>
    <ClInclude Include="src\ui\editor\ItemEditorViewportPanel.h">
      <Filter>Header Files</Filter>
    </ClInclude>
    <ClInclude Include="src\ui\imgui_controls\EnumCombo.h">
      <Filter>Header Files</Filter>
    </ClInclude>
    <ClInclude Include="src\util\GlobalEnumNameMap.h">
      <Filter>Header Files</Filter>
    </ClInclude>
    <ClInclude Include="src\resources\asset\SoftAssetReference.h">
      <Filter>Header Files</Filter>
    </ClInclude>
  </ItemGroup>
  <ItemGroup>
    <None Include="src\item\ItemReservation" />
    <None Include="src\rendering\tasks\CharacterModelTask.inl">
      <Filter>Header Files</Filter>
    </None>
    <None Include="src\rendering\mesh\VertexType" />
    <None Include="src\rendering\mesh\fbx2raw.inl">
      <Filter>Header Files</Filter>
    </None>
  </ItemGroup>
</Project>